{
  "version": 4,
  "terraform_version": "1.3.5",
  "serial": 8,
  "lineage": "899bfc87-ef7e-23ad-5bf0-0cd01666620c",
  "outputs": {},
  "resources": [
    {
      "module": "module.resource_group",
      "mode": "managed",
      "type": "azurerm_resource_group",
      "name": "rg",
      "provider": "provider[\"registry.terraform.io/hashicorp/azurerm\"]",
      "instances": [
        {
          "schema_version": 0,
          "attributes": {
            "id": "/subscriptions/4f0063ab-721d-4e50-b826-0fdb9627022e/resourceGroups/rg_prod",
            "location": "southindia",
            "managed_by": "",
            "name": "rg_prod",
            "tags": null,
            "timeouts": null
          },
          "sensitive_attributes": [],
          "private": "eyJlMmJmYjczMC1lY2FhLTExZTYtOGY4OC0zNDM2M2JjN2M0YzAiOnsiY3JlYXRlIjo1NDAwMDAwMDAwMDAwLCJkZWxldGUiOjU0MDAwMDAwMDAwMDAsInJlYWQiOjMwMDAwMDAwMDAwMCwidXBkYXRlIjo1NDAwMDAwMDAwMDAwfX0="
        }
      ]
    },
    {
      "module": "module.security_monitoring",
      "mode": "managed",
      "type": "azurerm_key_vault",
      "name": "kv",
      "provider": "provider[\"registry.terraform.io/hashicorp/azurerm\"]",
      "instances": [
        {
          "schema_version": 2,
          "attributes": {
            "access_policy": [],
            "contact": [],
            "enable_rbac_authorization": false,
            "enabled_for_deployment": false,
            "enabled_for_disk_encryption": false,
            "enabled_for_template_deployment": false,
            "id": "/subscriptions/4f0063ab-721d-4e50-b826-0fdb9627022e/resourceGroups/rg_prod/providers/Microsoft.KeyVault/vaults/prod-kvault-01",
            "location": "southindia",
            "name": "prod-kvault-01",
            "network_acls": [
              {
                "bypass": "AzureServices",
                "default_action": "Allow",
                "ip_rules": [],
                "virtual_network_subnet_ids": []
              }
            ],
            "public_network_access_enabled": true,
            "purge_protection_enabled": false,
            "resource_group_name": "rg_prod",
            "sku_name": "standard",
            "soft_delete_retention_days": 90,
            "tags": {
              "environment": "prod"
            },
            "tenant_id": "da8b9507-37d5-409e-b393-f85799d68ad3",
            "timeouts": null,
            "vault_uri": "https://prod-kvault-01.vault.azure.net/"
          },
          "sensitive_attributes": [],
          "private": "eyJlMmJmYjczMC1lY2FhLTExZTYtOGY4OC0zNDM2M2JjN2M0YzAiOnsiY3JlYXRlIjoxODAwMDAwMDAwMDAwLCJkZWxldGUiOjE4MDAwMDAwMDAwMDAsInJlYWQiOjMwMDAwMDAwMDAwMCwidXBkYXRlIjoxODAwMDAwMDAwMDAwfSwic2NoZW1hX3ZlcnNpb24iOiIyIn0=",
          "dependencies": [
            "module.resource_group.azurerm_resource_group.rg"
          ]
        }
      ]
    },
    {
      "module": "module.security_monitoring",
      "mode": "managed",
      "type": "azurerm_log_analytics_workspace",
      "name": "law",
      "provider": "provider[\"registry.terraform.io/hashicorp/azurerm\"]",
      "instances": [
        {
          "schema_version": 3,
          "attributes": {
            "allow_resource_only_permissions": true,
            "cmk_for_query_forced": false,
            "daily_quota_gb": -1,
            "data_collection_rule_id": "",
            "id": "/subscriptions/4f0063ab-721d-4e50-b826-0fdb9627022e/resourceGroups/rg_prod/providers/Microsoft.OperationalInsights/workspaces/prod-law",
            "identity": [],
            "immediate_data_purge_on_30_days_enabled": false,
            "internet_ingestion_enabled": true,
            "internet_query_enabled": true,
            "local_authentication_disabled": false,
            "location": "southindia",
            "name": "prod-law",
            "primary_shared_key": "PkTrcI0NoGa7Kf65rcyfBlWxnZ2lTnCIx9CdRHGMuU3bMyngNTrduCPqB/QDR3F6fVC3YxIFHcBicL/RrmaXiw==",
            "reservation_capacity_in_gb_per_day": null,
            "resource_group_name": "rg_prod",
            "retention_in_days": 30,
            "secondary_shared_key": "c8fpNS98nxt0/fFfG1LkmobEaDH+Tq5T07STmp1eK/5wW3rSoznOs7IL58kcsyBweiW7bA9GkG1vEHvAu78aGQ==",
            "sku": "PerGB2018",
            "tags": {
              "environment": "prod"
            },
            "timeouts": null,
            "workspace_id": "10f98945-d5fb-4806-8748-005c2cd13960"
          },
          "sensitive_attributes": [],
          "private": "eyJlMmJmYjczMC1lY2FhLTExZTYtOGY4OC0zNDM2M2JjN2M0YzAiOnsiY3JlYXRlIjoxODAwMDAwMDAwMDAwLCJkZWxldGUiOjE4MDAwMDAwMDAwMDAsInJlYWQiOjMwMDAwMDAwMDAwMCwidXBkYXRlIjoxODAwMDAwMDAwMDAwfSwic2NoZW1hX3ZlcnNpb24iOiIzIn0=",
          "dependencies": [
            "module.resource_group.azurerm_resource_group.rg"
          ]
        }
      ]
    }
  ],
  "check_results": null
}
